<?xml version="1.0" encoding="UTF-8" standalone="yes" ?>
<CodeBlocks_project_file>
	<FileVersion major="1" minor="6" />
	<Project>
		<Option title="WxPic" />
		<Option pch_mode="2" />
		<Option compiler="gcc" />
		<Build>
			<Target title="Debug Win32">
				<Option platforms="Windows;" />
				<Option output="bin/Debug/WxPic" prefix_auto="1" extension_auto="1" />
				<Option object_output="obj/Debug/" />
				<Option type="0" />
				<Option compiler="gcc" />
				<Option projectLinkerOptionsRelation="2" />
				<Compiler>
					<Add option="-g" />
					<Add option="-D__WXDEBUG__" />
					<Add option="-D__GNUWIN32__" />
					<Add option="-D__WXMSW__" />
					<Add option="-DUNICODE" />
					<Add option="-D_UNICODE" />
					<Add option="-DUSE_SVN_VERSION" />
					<Add option="-DCOMPILING_WINPIC" />
					<Add directory="src" />
					<Add directory="%wxWidgets%/include" />
				</Compiler>
				<Linker>
					<Add library="WxWidgetsD" />
					<Add library="gdi32" />
					<Add library="user32" />
					<Add library="kernel32" />
					<Add library="ole32" />
					<Add library="oleaut32" />
					<Add library="uuid" />
					<Add library="comdlg32" />
					<Add library="comctl32" />
					<Add library="rpcrt4" />
					<Add directory="%wxWidgets%/lib" />
				</Linker>
				<ExtraCommands>
					<Add before="c:\Tools\Bin\BuildVersion.bat" />
				</ExtraCommands>
			</Target>
			<Target title="Release Win32">
				<Option platforms="Windows;" />
				<Option output="bin/Release/WxPic" prefix_auto="1" extension_auto="1" />
				<Option object_output="obj/Release/" />
				<Option type="0" />
				<Option compiler="gcc" />
				<Option projectLinkerOptionsRelation="2" />
				<Compiler>
					<Add option="-O2" />
					<Add option="-D__GNUWIN32__" />
					<Add option="-D__WXMSW__" />
					<Add option="-DUNICODE" />
					<Add option="-D_UNICODE" />
					<Add option="-DUSE_SVN_VERSION" />
					<Add option="-DCOMPILING_WINPIC" />
					<Add directory="src" />
					<Add directory="%wxWidgets%/include" />
				</Compiler>
				<Linker>
					<Add option="-s" />
					<Add library="WxWidgets" />
					<Add library="gdi32" />
					<Add library="user32" />
					<Add library="kernel32" />
					<Add library="ole32" />
					<Add library="oleaut32" />
					<Add library="uuid" />
					<Add library="comdlg32" />
					<Add library="comctl32" />
					<Add library="rpcrt4" />
					<Add directory="%wxWidgets%/lib" />
				</Linker>
				<ExtraCommands>
					<Add before="c:\Tools\Bin\BuildVersion.bat" />
				</ExtraCommands>
			</Target>
			<Target title="Debug-Mpatrol Win32">
				<Option platforms="Windows;" />
				<Option output="bin/Debug/WxPic" prefix_auto="1" extension_auto="1" />
				<Option object_output="obj/Debug/" />
				<Option type="1" />
				<Option compiler="gcc" />
				<Option projectLinkerOptionsRelation="2" />
				<Compiler>
					<Add option="-g" />
					<Add option="-D__WXDEBUG__" />
					<Add option="-D__GNUWIN32__" />
					<Add option="-D__WXMSW__" />
					<Add option="-DUNICODE" />
					<Add option="-D_UNICODE" />
					<Add option="-DUSE_SVN_VERSION" />
					<Add option="-DCOMPILING_WINPIC" />
					<Add directory="src" />
					<Add directory="%wxWidgets%/include" />
				</Compiler>
				<Linker>
					<Add library="WxWidgetD" />
					<Add library="mpatrol" />
					<Add library="bfd" />
					<Add library="iberty" />
					<Add library="imagehlp" />
					<Add library="gdi32" />
					<Add library="user32" />
					<Add library="kernel32" />
					<Add library="ole32" />
					<Add library="oleaut32" />
					<Add library="uuid" />
					<Add library="comdlg32" />
					<Add library="comctl32" />
					<Add library="rpcrt4" />
					<Add directory="%wxWidgets%/lib" />
				</Linker>
				<ExtraCommands>
					<Add before="c:\Tools\Bin\BuildVersion.bat" />
				</ExtraCommands>
			</Target>
			<Target title="Debug Linux">
				<Option platforms="Unix;Mac;" />
				<Option output="bin/DebugLinux/WxPic" prefix_auto="1" extension_auto="1" />
				<Option object_output="obj/DebugLinux/" />
				<Option type="0" />
				<Option compiler="gcc" />
				<Option projectLinkerOptionsRelation="2" />
				<Compiler>
					<Add option="-g" />
					<Add option="`wx-config --cflags`" />
					<Add option="-DUNICODE" />
					<Add option="-D_UNICODE" />
					<Add option="-DCOMPILING_WINPIC" />
					<Add option="-D__WXGTK20__" />
					<Add option="-D__WXGTK__" />
					<Add directory="src" />
				</Compiler>
				<Linker>
					<Add option="`wx-config --libs`" />
				</Linker>
			</Target>
			<Target title="Release Linux">
				<Option platforms="Unix;Mac;" />
				<Option output="bin/ReleaseLinux/WxPic" prefix_auto="1" extension_auto="1" />
				<Option object_output="obj/ReleaseLinux/" />
				<Option type="0" />
				<Option compiler="gcc" />
				<Option projectLinkerOptionsRelation="2" />
				<Compiler>
					<Add option="-O2" />
					<Add option="`wx-config --cflags`" />
					<Add option="-DUNICODE" />
					<Add option="-D_UNICODE" />
					<Add option="-DCOMPILING_WINPIC" />
					<Add directory="src" />
				</Compiler>
				<Linker>
					<Add option="-s" />
					<Add option="`wx-config --libs`" />
				</Linker>
			</Target>
		</Build>
		<Compiler>
			<Add option="-Wall" />
		</Compiler>
		<Unit filename="src/Res/Icon.inc" />
		<Unit filename="src/Res/Resource.cpp" />
		<Unit filename="src/Res/Resource.h" />
		<Unit filename="src/Res/wxPic.rc">
			<Option compilerVar="WINDRES" />
			<Option target="Debug Win32" />
			<Option target="Release Win32" />
			<Option target="Debug-Mpatrol Win32" />
		</Unit>
		<Unit filename="src/WinPic/WinPicPr/Config.cpp" />
		<Unit filename="src/WinPic/WinPicPr/Config.h" />
		<Unit filename="src/WinPic/WinPicPr/Devices.cpp" />
		<Unit filename="src/WinPic/WinPicPr/Devices.h" />
		<Unit filename="src/WinPic/WinPicPr/LoadHex.cpp">
			<Option compilerVar="CC" />
		</Unit>
		<Unit filename="src/WinPic/WinPicPr/LoadHex.h" />
		<Unit filename="src/WinPic/WinPicPr/PIC10F_PRG.cpp" />
		<Unit filename="src/WinPic/WinPicPr/PIC10F_PRG.h" />
		<Unit filename="src/WinPic/WinPicPr/PIC16F716_PRG.H" />
		<Unit filename="src/WinPic/WinPicPr/PIC16F716_PRG.cpp">
			<Option compilerVar="CC" />
		</Unit>
		<Unit filename="src/WinPic/WinPicPr/PIC16F7x_PRG.cpp">
			<Option compilerVar="CC" />
		</Unit>
		<Unit filename="src/WinPic/WinPicPr/PIC16F7x_PRG.h" />
		<Unit filename="src/WinPic/WinPicPr/PIC18F_PRG.cpp" />
		<Unit filename="src/WinPic/WinPicPr/PIC18F_PRG.h" />
		<Unit filename="src/WinPic/WinPicPr/PIC_HEX.cpp" />
		<Unit filename="src/WinPic/WinPicPr/PIC_HEX.h" />
		<Unit filename="src/WinPic/WinPicPr/PIC_HW.cpp" />
		<Unit filename="src/WinPic/WinPicPr/PIC_HW.h" />
		<Unit filename="src/WinPic/WinPicPr/PIC_PRG.cpp" />
		<Unit filename="src/WinPic/WinPicPr/PIC_PRG.h" />
		<Unit filename="src/WinPic/WinPicPr/SpecHwIo.h" />
		<Unit filename="src/WinPic/WinPicPr/dsPIC_PRG.cpp" />
		<Unit filename="src/WinPic/WinPicPr/dsPIC_PRG.h" />
		<Unit filename="src/WinPic/YHF_tools/QFile.cpp" />
		<Unit filename="src/WinPic/YHF_tools/QFile.h" />
		<Unit filename="src/WinRing0/OlsApiInit.h" />
		<Unit filename="src/WinRing0/OlsApiInitDef.h" />
		<Unit filename="src/WinRing0/OlsDef.h" />
		<Unit filename="src/Wx/AboutU.cpp" />
		<Unit filename="src/Wx/AboutU.h" />
		<Unit filename="src/Wx/Appl.cpp" />
		<Unit filename="src/Wx/Appl.h" />
		<Unit filename="src/Wx/CodeMemPanel.cpp" />
		<Unit filename="src/Wx/CodeMemPanel.h" />
		<Unit filename="src/Wx/CommandOption.cpp" />
		<Unit filename="src/Wx/CommandOption.h" />
		<Unit filename="src/Wx/ConfigMemoryPanel.cpp" />
		<Unit filename="src/Wx/ConfigMemoryPanel.h" />
		<Unit filename="src/Wx/DataMemPanel.cpp" />
		<Unit filename="src/Wx/DataMemPanel.h" />
		<Unit filename="src/Wx/DeviceCfgPanel.cpp" />
		<Unit filename="src/Wx/DeviceCfgPanel.h" />
		<Unit filename="src/Wx/HelpCtrl.cpp" />
		<Unit filename="src/Wx/HelpCtrl.h" />
		<Unit filename="src/Wx/HexGrid.cpp" />
		<Unit filename="src/Wx/HexGrid.h" />
		<Unit filename="src/Wx/InterfacePanel.cpp" />
		<Unit filename="src/Wx/InterfacePanel.h" />
		<Unit filename="src/Wx/Language.cpp" />
		<Unit filename="src/Wx/Language.h" />
		<Unit filename="src/Wx/MainFrame-2.cpp" />
		<Unit filename="src/Wx/MainFrame.cpp" />
		<Unit filename="src/Wx/MainFrame.h" />
		<Unit filename="src/Wx/MemAddrGetter.cpp" />
		<Unit filename="src/Wx/MemAddrGetter.h" />
		<Unit filename="src/Wx/MessagePanel.cpp" />
		<Unit filename="src/Wx/MessagePanel.h" />
		<Unit filename="src/Wx/OptionPanel.cpp" />
		<Unit filename="src/Wx/OptionPanel.h" />
		<Unit filename="src/Wx/SVNVersion.h" />
		<Unit filename="src/Wx/WxApp.cpp" />
		<Unit filename="wxsmith/AboutU.wxs" />
		<Unit filename="wxsmith/CodeMemPanel.wxs" />
		<Unit filename="wxsmith/MainFrame.wxs" />
		<Unit filename="wxsmith/TConfigMemoryPanel.wxs" />
		<Unit filename="wxsmith/TDataMemPanel.wxs" />
		<Unit filename="wxsmith/TDeviceCfgPanel.wxs" />
		<Unit filename="wxsmith/TInterfacePanel.wxs" />
		<Unit filename="wxsmith/TMessagePanel.wxs" />
		<Unit filename="wxsmith/TOptionPanel.wxs" />
		<Extensions>
			<code_completion />
			<envvars />
			<debugger />
			<wxsmith version="1">
				<gui name="wxWidgets" src="WxApp.cpp" main="-- None --" init_handlers="necessary" language="CPP" />
				<resources>
					<wxFrame wxs="wxsmith/MainFrame.wxs" src="src\Wx\MainFrame.cpp" hdr="src\Wx\MainFrame.h" name="MainFrame" language="CPP" />
					<wxDialog wxs="wxsmith/AboutU.wxs" src="src\Wx\AboutU.cpp" hdr="src\Wx\AboutU.h" name="TAbtForm" language="CPP" />
					<wxPanel wxs="wxsmith/CodeMemPanel.wxs" src="src\Wx\CodeMemPanel.cpp" hdr="src\Wx\CodeMemPanel.h" name="TCodeMemPanel" language="CPP" />
					<wxPanel wxs="wxsmith/TDataMemPanel.wxs" src="src\Wx\DataMemPanel.cpp" hdr="src\Wx\DataMemPanel.h" name="TDataMemPanel" language="CPP" />
					<wxPanel wxs="wxsmith/TDeviceCfgPanel.wxs" src="src\Wx\DeviceCfgPanel.cpp" hdr="src\Wx\DeviceCfgPanel.h" name="TDeviceCfgPanel" language="CPP" />
					<wxPanel wxs="wxsmith/TConfigMemoryPanel.wxs" src="src\Wx\ConfigMemoryPanel.cpp" hdr="src\Wx\ConfigMemoryPanel.h" name="TConfigMemoryPanel" language="CPP" />
					<wxPanel wxs="wxsmith/TOptionPanel.wxs" src="src\Wx\OptionPanel.cpp" hdr="src\Wx\OptionPanel.h" name="TOptionPanel" language="CPP" />
					<wxPanel wxs="wxsmith/TInterfacePanel.wxs" src="src\Wx\InterfacePanel.cpp" hdr="src\Wx\InterfacePanel.h" name="TInterfacePanel" language="CPP" />
					<wxPanel wxs="wxsmith/TMessagePanel.wxs" src="src\Wx\MessagePanel.cpp" hdr="src\Wx\MessagePanel.h" name="TMessagePanel" language="CPP" />
				</resources>
			</wxsmith>
		</Extensions>
	</Project>
</CodeBlocks_project_file>
